
Microsoft Visual Studio Solution File, Format Version 12.00
# Visual Studio Version 17
VisualStudioVersion = 17.0.31903.59
MinimumVisualStudioVersion = 10.0.40219.1
Project("{FAE04EC0-301F-11D3-BF4B-00C04F79EFBC}") = "Dima.Core", "Dima.Core\Dima.Core.csproj", "{06084485-F8B7-4711-9D80-BB844C143D74}"
EndProject
Project("{FAE04EC0-301F-11D3-BF4B-00C04F79EFBC}") = "Dima.Api", "Dima.Api\Dima.Api.csproj", "{7620C3B4-C69D-4C2D-B9D8-6B8BD7539658}"
EndProject
Global
	GlobalSection(SolutionConfigurationPlatforms) = preSolution
		Debug|Any CPU = Debug|Any CPU
		Release|Any CPU = Release|Any CPU
	EndGlobalSection
	GlobalSection(SolutionProperties) = preSolution
		HideSolutionNode = FALSE
	EndGlobalSection
	GlobalSection(ProjectConfigurationPlatforms) = postSolution
		{06084485-F8B7-4711-9D80-BB844C143D74}.Debug|Any CPU.ActiveCfg = Debug|Any CPU
		{06084485-F8B7-4711-9D80-BB844C143D74}.Debug|Any CPU.Build.0 = Debug|Any CPU
		{06084485-F8B7-4711-9D80-BB844C143D74}.Release|Any CPU.ActiveCfg = Release|Any CPU
		{06084485-F8B7-4711-9D80-BB844C143D74}.Release|Any CPU.Build.0 = Release|Any CPU
		{7620C3B4-C69D-4C2D-B9D8-6B8BD7539658}.Debug|Any CPU.ActiveCfg = Debug|Any CPU
		{7620C3B4-C69D-4C2D-B9D8-6B8BD7539658}.Debug|Any CPU.Build.0 = Debug|Any CPU
		{7620C3B4-C69D-4C2D-B9D8-6B8BD7539658}.Release|Any CPU.ActiveCfg = Release|Any CPU
		{7620C3B4-C69D-4C2D-B9D8-6B8BD7539658}.Release|Any CPU.Build.0 = Release|Any CPU
	EndGlobalSection
EndGlobal
